
Microsoft Visual Studio Solution File, Format Version 12.00
# Visual Studio Version 17
VisualStudioVersion = 17.2.32616.157
MinimumVisualStudioVersion = 10.0.40219.1
Project("{FAE04EC0-301F-11D3-BF4B-00C04F79EFBC}") = "Urna", "Urna\Urna.csproj", "{A2B5DAB3-28DB-4533-8ED3-10551C0BFAED}"
EndProject
Global
	GlobalSection(SolutionConfigurationPlatforms) = preSolution
		Debug|Any CPU = Debug|Any CPU
		Release|Any CPU = Release|Any CPU
	EndGlobalSection
	GlobalSection(ProjectConfigurationPlatforms) = postSolution
		{A2B5DAB3-28DB-4533-8ED3-10551C0BFAED}.Debug|Any CPU.ActiveCfg = Debug|Any CPU
		{A2B5DAB3-28DB-4533-8ED3-10551C0BFAED}.Debug|Any CPU.Build.0 = Debug|Any CPU
		{A2B5DAB3-28DB-4533-8ED3-10551C0BFAED}.Release|Any CPU.ActiveCfg = Release|Any CPU
		{A2B5DAB3-28DB-4533-8ED3-10551C0BFAED}.Release|Any CPU.Build.0 = Release|Any CPU
	EndGlobalSection
	GlobalSection(SolutionProperties) = preSolution
		HideSolutionNode = FALSE
	EndGlobalSection
	GlobalSection(ExtensibilityGlobals) = postSolution
		SolutionGuid = {BF8F4966-1DB7-4D0C-9A79-ABC61FC38A32}
	EndGlobalSection
EndGlobal
